{
  "name": "opencode",
  "lockfileVersion": 3,
  "requires": true,
  "packages": {
    "": {
      "dependencies": {
        "opencode-ai": "1.18.10"
      }
    },
    "node_modules/opencode-ai": {
      "version": "1.18.10",
      "resolved": "https://registry.npmjs.org/opencode-ai/-/opencode-ai-1.18.10.tgz",
      "integrity": "sha512-/PoGrZnTrSrmHvvXUg12O4yAEjytuqEQNG8usCydrYg4EtosvbtKtGIHI40DFaIhPws91Wa20niSvFG32xL8ZQ==",
      "cpu": [
        "arm64",
        "x64"
      ],
      "hasInstallScript": true,
      "license": "MIT",
      "os": [
        "darwin",
        "linux",
        "win32"
      ],
      "bin": {
        "opencode": "bin/opencode.exe"
      },
      "optionalDependencies": {
        "opencode-darwin-arm64": "1.18.10",
        "opencode-darwin-x64": "1.18.10",
        "opencode-darwin-x64-baseline": "1.18.10",
        "opencode-linux-arm64": "1.18.10",
        "opencode-linux-arm64-musl": "1.18.10",
        "opencode-linux-x64": "1.18.10",
        "opencode-linux-x64-baseline": "1.18.10",
        "opencode-linux-x64-baseline-musl": "1.18.10",
        "opencode-linux-x64-musl": "1.18.10",
        "opencode-windows-arm64": "1.18.10",
        "opencode-windows-x64": "1.18.10",
        "opencode-windows-x64-baseline": "1.18.10"
      }
    },
    "node_modules/opencode-darwin-arm64": {
      "version": "1.18.10",
      "resolved": "https://registry.npmjs.org/opencode-darwin-arm64/-/opencode-darwin-arm64-1.18.10.tgz",
      "integrity": "sha512-fqxI5y86eaqLfag44AM77lFdrBesnJw/c+JMD7L/U4tSUNkhtsI044x+gxDlr8VVC0Yn21tCukSSWH0tbYTqmQ==",
      "cpu": [
        "arm64"
      ],
      "optional": true,
      "os": [
        "darwin"
      ]
    },
    "node_modules/opencode-darwin-x64": {
      "version": "1.18.10",
      "resolved": "https://registry.npmjs.org/opencode-darwin-x64/-/opencode-darwin-x64-1.18.10.tgz",
      "integrity": "sha512-GVlaup1DWDIEI9St8xyUgaHn1lKAK25L15/WfuOya7HbyPpS4hG6TE+AuzPhRXqtQIplqhCOC5lfvibur9AZqw==",
      "cpu": [
        "x64"
      ],
      "optional": true,
      "os": [
        "darwin"
      ]
    },
    "node_modules/opencode-darwin-x64-baseline": {
      "version": "1.18.10",
      "resolved": "https://registry.npmjs.org/opencode-darwin-x64-baseline/-/opencode-darwin-x64-baseline-1.18.10.tgz",
      "integrity": "sha512-JxnnmPl7PWsh3VA5xcAeAHaVDimg74R8WIXz2Xv6sxHW0eoMn6UYrqxmqmAdVBJBBzOvF55AkGVJbVulC8/mrA==",
      "cpu": [
        "x64"
      ],
      "optional": true,
      "os": [
        "darwin"
      ]
    },
    "node_modules/opencode-linux-arm64": {
      "version": "1.18.10",
      "resolved": "https://registry.npmjs.org/opencode-linux-arm64/-/opencode-linux-arm64-1.18.10.tgz",
      "integrity": "sha512-UR6KlDtikR5kaepEWAXQNDHecLzoWL+7fDb6tYj+FQf/oIAvYRO4azganzfp+1f0djEAplmuQfAlG9k0JD/70A==",
      "cpu": [
        "arm64"
      ],
      "optional": true,
      "os": [
        "linux"
      ]
    },
    "node_modules/opencode-linux-arm64-musl": {
      "version": "1.18.10",
      "resolved": "https://registry.npmjs.org/opencode-linux-arm64-musl/-/opencode-linux-arm64-musl-1.18.10.tgz",
      "integrity": "sha512-mAk8AQGlYymVgbWRaTjCfv5cSO8slJVVR5r4VPCd8L8II56WnP6z860EP8zC7f41aSudus+cR1ZZeNmRH6rYIA==",
      "cpu": [
        "arm64"
      ],
      "optional": true,
      "os": [
        "linux"
      ]
    },
    "node_modules/opencode-linux-x64": {
      "version": "1.18.10",
      "resolved": "https://registry.npmjs.org/opencode-linux-x64/-/opencode-linux-x64-1.18.10.tgz",
      "integrity": "sha512-gkmZQfI1h1HJiaAud8zeEIGpqVIoINce9B4bP4+4VNhrrkq2qL73WIc2IOLdO/7dGT1tbSoOjrH14EJPEjkFTg==",
      "cpu": [
        "x64"
      ],
      "optional": true,
      "os": [
        "linux"
      ]
    },
    "node_modules/opencode-linux-x64-baseline": {
      "version": "1.18.10",
      "resolved": "https://registry.npmjs.org/opencode-linux-x64-baseline/-/opencode-linux-x64-baseline-1.18.10.tgz",
      "integrity": "sha512-5AxMI8ABbEgoQuuHeBuw6P/CJsaZK1com5eQj1Giu++zL3uK8l4z2PIpF+c0B10gzRvMye2nPrs8uqKou3BgNQ==",
      "cpu": [
        "x64"
      ],
      "optional": true,
      "os": [
        "linux"
      ]
    },
    "node_modules/opencode-linux-x64-baseline-musl": {
      "version": "1.18.10",
      "resolved": "https://registry.npmjs.org/opencode-linux-x64-baseline-musl/-/opencode-linux-x64-baseline-musl-1.18.10.tgz",
      "integrity": "sha512-ER8brj5ZUDf4/lJ7RQDlwcCUDsov917OaN76MqIfkn29ZWD8lHQu3JTrDq4S5ZhTqufOlUkSAwao82GMa2Azsw==",
      "cpu": [
        "x64"
      ],
      "optional": true,
      "os": [
        "linux"
      ]
    },
    "node_modules/opencode-linux-x64-musl": {
      "version": "1.18.10",
      "resolved": "https://registry.npmjs.org/opencode-linux-x64-musl/-/opencode-linux-x64-musl-1.18.10.tgz",
      "integrity": "sha512-A70VYebmhmXafkvcBm7WkAnSnyiAQkeyZu21TNvISM+YRgFIDTETo6rCqknDHBYteTTV2krcYjp/baJjI8AYEw==",
      "cpu": [
        "x64"
      ],
      "optional": true,
      "os": [
        "linux"
      ]
    },
    "node_modules/opencode-windows-arm64": {
      "version": "1.18.10",
      "resolved": "https://registry.npmjs.org/opencode-windows-arm64/-/opencode-windows-arm64-1.18.10.tgz",
      "integrity": "sha512-7P8rb6aFMhEgI401vQiCFr4LsUuYMeCBOovAhi+W5kNqr4uBEgQzfsGv0weyEOze31hu77/2vyrnGeBrOBjfBg==",
      "cpu": [
        "arm64"
      ],
      "optional": true,
      "os": [
        "win32"
      ]
    },
    "node_modules/opencode-windows-x64": {
      "version": "1.18.10",
      "resolved": "https://registry.npmjs.org/opencode-windows-x64/-/opencode-windows-x64-1.18.10.tgz",
      "integrity": "sha512-E2f57u8yYCbOZCRCI7vc0XthGDy6+ygijlvfOrF1v9EGrG0d/h/bhqszVOiHHWXUcy4HN4tNR8aGTWaUfUuOaQ==",
      "cpu": [
        "x64"
      ],
      "optional": true,
      "os": [
        "win32"
      ]
    },
    "node_modules/opencode-windows-x64-baseline": {
      "version": "1.18.10",
      "resolved": "https://registry.npmjs.org/opencode-windows-x64-baseline/-/opencode-windows-x64-baseline-1.18.10.tgz",
      "integrity": "sha512-IFDdagAZyogqg+9IgFKOemdO8aSich8a9/4tEqHBgMM68AYLknLU4etOpG07/W5UWm85HPjzXS7wzP6BWMsJ4g==",
      "cpu": [
        "x64"
      ],
      "optional": true,
      "os": [
        "win32"
      ]
    }
  }
}
